
Microsoft Visual Studio Solution File, Format Version 12.00
# Visual Studio Version 17
VisualStudioVersion = 17.14.36109.1 d17.14
MinimumVisualStudioVersion = 10.0.40219.1
Project("{8BC9CEB8-8B4A-11D0-8D11-00A0C91BC942}") = "computergraphics_archive", "computergraphics_archive\computergraphics_archive.vcxproj", "{8DD6A3CD-1E19-4E2E-8B29-2CBB7DD301C1}"
EndProject
Global
	GlobalSection(SolutionConfigurationPlatforms) = preSolution
		Debug|x64 = Debug|x64
		Debug|x86 = Debug|x86
		Release|x64 = Release|x64
		Release|x86 = Release|x86
	EndGlobalSection
	GlobalSection(ProjectConfigurationPlatforms) = postSolution
		{8DD6A3CD-1E19-4E2E-8B29-2CBB7DD301C1}.Debug|x64.ActiveCfg = Debug|x64
		{8DD6A3CD-1E19-4E2E-8B29-2CBB7DD301C1}.Debug|x64.Build.0 = Debug|x64
		{8DD6A3CD-1E19-4E2E-8B29-2CBB7DD301C1}.Debug|x86.ActiveCfg = Debug|Win32
		{8DD6A3CD-1E19-4E2E-8B29-2CBB7DD301C1}.Debug|x86.Build.0 = Debug|Win32
		{8DD6A3CD-1E19-4E2E-8B29-2CBB7DD301C1}.Release|x64.ActiveCfg = Release|x64
		{8DD6A3CD-1E19-4E2E-8B29-2CBB7DD301C1}.Release|x64.Build.0 = Release|x64
		{8DD6A3CD-1E19-4E2E-8B29-2CBB7DD301C1}.Release|x86.ActiveCfg = Release|Win32
		{8DD6A3CD-1E19-4E2E-8B29-2CBB7DD301C1}.Release|x86.Build.0 = Release|Win32
	EndGlobalSection
	GlobalSection(SolutionProperties) = preSolution
		HideSolutionNode = FALSE
	EndGlobalSection
	GlobalSection(ExtensibilityGlobals) = postSolution
		SolutionGuid = {2085E944-A657-4365-8ADA-DC743142C848}
	EndGlobalSection
EndGlobal
